
Microsoft Visual Studio Solution File, Format Version 12.00
# Visual Studio Version 17
VisualStudioVersion = 17.8.34525.116
MinimumVisualStudioVersion = 10.0.40219.1
Project("{FAE04EC0-301F-11D3-BF4B-00C04F79EFBC}") = "aprendendo_banco_de_dados", "aprendendo_banco_de_dados.csproj", "{B8503426-B37C-4734-BF91-3C7B2B2A23AB}"
EndProject
Global
	GlobalSection(SolutionConfigurationPlatforms) = preSolution
		Debug|Any CPU = Debug|Any CPU
		Release|Any CPU = Release|Any CPU
	EndGlobalSection
	GlobalSection(ProjectConfigurationPlatforms) = postSolution
		{B8503426-B37C-4734-BF91-3C7B2B2A23AB}.Debug|Any CPU.ActiveCfg = Debug|Any CPU
		{B8503426-B37C-4734-BF91-3C7B2B2A23AB}.Debug|Any CPU.Build.0 = Debug|Any CPU
		{B8503426-B37C-4734-BF91-3C7B2B2A23AB}.Release|Any CPU.ActiveCfg = Release|Any CPU
		{B8503426-B37C-4734-BF91-3C7B2B2A23AB}.Release|Any CPU.Build.0 = Release|Any CPU
	EndGlobalSection
	GlobalSection(SolutionProperties) = preSolution
		HideSolutionNode = FALSE
	EndGlobalSection
	GlobalSection(ExtensibilityGlobals) = postSolution
		SolutionGuid = {29EC1190-43E6-497C-8656-6E74F925367C}
	EndGlobalSection
EndGlobal
